
Microsoft Visual Studio Solution File, Format Version 12.00
# Visual Studio Version 17
VisualStudioVersion = 17.4.33213.308
MinimumVisualStudioVersion = 10.0.40219.1
Project("{FAE04EC0-301F-11D3-BF4B-00C04F79EFBC}") = "ClassLibraryNET4", "ClassLibraryNET4\ClassLibraryNET4.csproj", "{36CDA6A3-3810-4EFC-83AB-F6ADBC9778A9}"
EndProject
Project("{FAE04EC0-301F-11D3-BF4B-00C04F79EFBC}") = "ConsoleApp", "ConsoleApp\ConsoleApp.csproj", "{37F84D5E-7541-4905-9D36-631E81F773FD}"
EndProject
Project("{FAE04EC0-301F-11D3-BF4B-00C04F79EFBC}") = "WebApplication", "WebApplication\WebApplication.csproj", "{E1078460-5F5C-4ECC-849E-BAA219A4EE9F}"
EndProject
Global
	GlobalSection(SolutionConfigurationPlatforms) = preSolution
		Debug|Any CPU = Debug|Any CPU
		Release|Any CPU = Release|Any CPU
	EndGlobalSection
	GlobalSection(ProjectConfigurationPlatforms) = postSolution
		{36CDA6A3-3810-4EFC-83AB-F6ADBC9778A9}.Debug|Any CPU.ActiveCfg = Debug|Any CPU
		{36CDA6A3-3810-4EFC-83AB-F6ADBC9778A9}.Debug|Any CPU.Build.0 = Debug|Any CPU
		{36CDA6A3-3810-4EFC-83AB-F6ADBC9778A9}.Release|Any CPU.ActiveCfg = Release|Any CPU
		{36CDA6A3-3810-4EFC-83AB-F6ADBC9778A9}.Release|Any CPU.Build.0 = Release|Any CPU
		{37F84D5E-7541-4905-9D36-631E81F773FD}.Debug|Any CPU.ActiveCfg = Debug|Any CPU
		{37F84D5E-7541-4905-9D36-631E81F773FD}.Debug|Any CPU.Build.0 = Debug|Any CPU
		{37F84D5E-7541-4905-9D36-631E81F773FD}.Release|Any CPU.ActiveCfg = Release|Any CPU
		{37F84D5E-7541-4905-9D36-631E81F773FD}.Release|Any CPU.Build.0 = Release|Any CPU
		{E1078460-5F5C-4ECC-849E-BAA219A4EE9F}.Debug|Any CPU.ActiveCfg = Debug|Any CPU
		{E1078460-5F5C-4ECC-849E-BAA219A4EE9F}.Debug|Any CPU.Build.0 = Debug|Any CPU
		{E1078460-5F5C-4ECC-849E-BAA219A4EE9F}.Release|Any CPU.ActiveCfg = Release|Any CPU
		{E1078460-5F5C-4ECC-849E-BAA219A4EE9F}.Release|Any CPU.Build.0 = Release|Any CPU
	EndGlobalSection
	GlobalSection(SolutionProperties) = preSolution
		HideSolutionNode = FALSE
	EndGlobalSection
	GlobalSection(ExtensibilityGlobals) = postSolution
		SolutionGuid = {5C84F8C7-BD20-4BE6-A561-68F48CF5C287}
	EndGlobalSection
EndGlobal
